// !$*UTF8*$!
{
	archiveVersion = 1;
	classes = {
	};
	objectVersion = 46;
	objects = {

/* Begin PBXBuildFile section */
		2597453319FF2F500079028C /* AppDelegate.swift in Sources */ = {isa = PBXBuildFile; fileRef = 2597453219FF2F500079028C /* AppDelegate.swift */; };
		2597453519FF2F500079028C /* ViewController.swift in Sources */ = {isa = PBXBuildFile; fileRef = 2597453419FF2F500079028C /* ViewController.swift */; };
		2597453819FF2F500079028C /* Main.storyboard in Resources */ = {isa = PBXBuildFile; fileRef = 2597453619FF2F500079028C /* Main.storyboard */; };
		2597453A19FF2F500079028C /* Images.xcassets in Resources */ = {isa = PBXBuildFile; fileRef = 2597453919FF2F500079028C /* Images.xcassets */; };
		2597453D19FF2F500079028C /* LaunchScreen.xib in Resources */ = {isa = PBXBuildFile; fileRef = 2597453B19FF2F500079028C /* LaunchScreen.xib */; };
		2597454919FF2F500079028C /* SlotMachineTests.swift in Sources */ = {isa = PBXBuildFile; fileRef = 2597454819FF2F500079028C /* SlotMachineTests.swift */; };
/* End PBXBuildFile section */

/* Begin PBXContainerItemProxy section */
		2597454319FF2F500079028C /* PBXContainerItemProxy */ = {
			isa = PBXContainerItemProxy;
			containerPortal = 2597452519FF2F500079028C /* Project object */;
			proxyType = 1;
			remoteGlobalIDString = 2597452C19FF2F500079028C;
			remoteInfo = SlotMachine;
		};
/* End PBXContainerItemProxy section */

/* Begin PBXFileReference section */
		2597452D19FF2F500079028C /* SlotMachine.app */ = {isa = PBXFileReference; explicitFileType = wrapper.application; includeInIndex = 0; path = SlotMachine.app; sourceTree = BUILT_PRODUCTS_DIR; };
		2597453119FF2F500079028C /* Info.plist */ = {isa = PBXFileReference; lastKnownFileType = text.plist.xml; path = Info.plist; sourceTree = "<group>"; };
		2597453219FF2F500079028C /* AppDelegate.swift */ = {isa = PBXFileReference; lastKnownFileType = sourcecode.swift; path = AppDelegate.swift; sourceTree = "<group>"; };
		2597453419FF2F500079028C /* ViewController.swift */ = {isa = PBXFileReference; lastKnownFileType = sourcecode.swift; path = ViewController.swift; sourceTree = "<group>"; };
		2597453719FF2F500079028C /* Base */ = {isa = PBXFileReference; lastKnownFileType = file.storyboard; name = Base; path = Base.lproj/Main.storyboard; sourceTree = "<group>"; };
		2597453919FF2F500079028C /* Images.xcassets */ = {isa = PBXFileReference; lastKnownFileType = folder.assetcatalog; path = Images.xcassets; sourceTree = "<group>"; };
		2597453C19FF2F500079028C /* Base */ = {isa = PBXFileReference; lastKnownFileType = file.xib; name = Base; path = Base.lproj/LaunchScreen.xib; sourceTree = "<group>"; };
		2597454219FF2F500079028C /* SlotMachineTests.xctest */ = {isa = PBXFileReference; explicitFileType = wrapper.cfbundle; includeInIndex = 0; path = SlotMachineTests.xctest; sourceTree = BUILT_PRODUCTS_DIR; };
		2597454719FF2F500079028C /* Info.plist */ = {isa = PBXFileReference; lastKnownFileType = text.plist.xml; path = Info.plist; sourceTree = "<group>"; };
		2597454819FF2F500079028C /* SlotMachineTests.swift */ = {isa = PBXFileReference; lastKnownFileType = sourcecode.swift; path = SlotMachineTests.swift; sourceTree = "<group>"; };
/* End PBXFileReference section */

/* Begin PBXFrameworksBuildPhase section */
		2597452A19FF2F500079028C /* Frameworks */ = {
			isa = PBXFrameworksBuildPhase;
			buildActionMask = 2147483647;
			files = (
			);
			runOnlyForDeploymentPostprocessing = 0;
		};
		2597453F19FF2F500079028C /* Frameworks */ = {
			isa = PBXFrameworksBuildPhase;
			buildActionMask = 2147483647;
			files = (
			);
			runOnlyForDeploymentPostprocessing = 0;
		};
/* End PBXFrameworksBuildPhase section */

/* Begin PBXGroup section */
		2597452419FF2F500079028C = {
			isa = PBXGroup;
			children = (
				2597452F19FF2F500079028C /* SlotMachine */,
				2597454519FF2F500079028C /* SlotMachineTests */,
				2597452E19FF2F500079028C /* Products */,
			);
			sourceTree = "<group>";
		};
		2597452E19FF2F500079028C /* Products */ = {
			isa = PBXGroup;
			children = (
				2597452D19FF2F500079028C /* SlotMachine.app */,
				2597454219FF2F500079028C /* SlotMachineTests.xctest */,
			);
			name = Products;
			sourceTree = "<group>";
		};
		2597452F19FF2F500079028C /* SlotMachine */ = {
			isa = PBXGroup;
			children = (
				2597453219FF2F500079028C /* AppDelegate.swift */,
				2597453419FF2F500079028C /* ViewController.swift */,
				2597453619FF2F500079028C /* Main.storyboard */,
				2597453919FF2F500079028C /* Images.xcassets */,
				2597453B19FF2F500079028C /* LaunchScreen.xib */,
				2597453019FF2F500079028C /* Supporting Files */,
			);
			path = SlotMachine;
			sourceTree = "<group>";
		};
		2597453019FF2F500079028C /* Supporting Files */ = {
			isa = PBXGroup;
			children = (
				2597453119FF2F500079028C /* Info.plist */,
			);
			name = "Supporting Files";
			sourceTree = "<group>";
		};
		2597454519FF2F500079028C /* SlotMachineTests */ = {
			isa = PBXGroup;
			children = (
				2597454819FF2F500079028C /* SlotMachineTests.swift */,
				2597454619FF2F500079028C /* Supporting Files */,
			);
			path = SlotMachineTests;
			sourceTree = "<group>";
		};
		2597454619FF2F500079028C /* Supporting Files */ = {
			isa = PBXGroup;
			children = (
				2597454719FF2F500079028C /* Info.plist */,
			);
			name = "Supporting Files";
			sourceTree = "<group>";
		};
/* End PBXGroup section */

/* Begin PBXNativeTarget section */
		2597452C19FF2F500079028C /* SlotMachine */ = {
			isa = PBXNativeTarget;
			buildConfigurationList = 2597454C19FF2F500079028C /* Build configuration list for PBXNativeTarget "SlotMachine" */;
			buildPhases = (
				2597452919FF2F500079028C /* Sources */,
				2597452A19FF2F500079028C /* Frameworks */,
				2597452B19FF2F500079028C /* Resources */,
			);
			buildRules = (
			);
			dependencies = (
			);
			name = SlotMachine;
			productName = SlotMachine;
			productReference = 2597452D19FF2F500079028C /* SlotMachine.app */;
			productType = "com.apple.product-type.application";
		};
		2597454119FF2F500079028C /* SlotMachineTests */ = {
			isa = PBXNativeTarget;
			buildConfigurationList = 2597454F19FF2F500079028C /* Build configuration list for PBXNativeTarget "SlotMachineTests" */;
			buildPhases = (
				2597453E19FF2F500079028C /* Sources */,
				2597453F19FF2F500079028C /* Frameworks */,
				2597454019FF2F500079028C /* Resources */,
			);
			buildRules = (
			);
			dependencies = (
				2597454419FF2F500079028C /* PBXTargetDependency */,
			);
			name = SlotMachineTests;
			productName = SlotMachineTests;
			productReference = 2597454219FF2F500079028C /* SlotMachineTests.xctest */;
			productType = "com.apple.product-type.bundle.unit-test";
		};
/* End PBXNativeTarget section */

/* Begin PBXProject section */
		2597452519FF2F500079028C /* Project object */ = {
			isa = PBXProject;
			attributes = {
				LastUpgradeCheck = 0610;
				ORGANIZATIONNAME = "Justin Gazlay";
				TargetAttributes = {
					2597452C19FF2F500079028C = {
						CreatedOnToolsVersion = 6.1;
					};
					2597454119FF2F500079028C = {
						CreatedOnToolsVersion = 6.1;
						TestTargetID = 2597452C19FF2F500079028C;
					};
				};
			};
			buildConfigurationList = 2597452819FF2F500079028C /* Build configuration list for PBXProject "SlotMachine" */;
			compatibilityVersion = "Xcode 3.2";
			developmentRegion = English;
			hasScannedForEncodings = 0;
			knownRegions = (
				en,
				Base,
			);
			mainGroup = 2597452419FF2F500079028C;
			productRefGroup = 2597452E19FF2F500079028C /* Products */;
			projectDirPath = "";
			projectRoot = "";
			targets = (
				2597452C19FF2F500079028C /* SlotMachine */,
				2597454119FF2F500079028C /* SlotMachineTests */,
			);
		};
/* End PBXProject section */

/* Begin PBXResourcesBuildPhase section */
		2597452B19FF2F500079028C /* Resources */ = {
			isa = PBXResourcesBuildPhase;
			buildActionMask = 2147483647;
			files = (
				2597453819FF2F500079028C /* Main.storyboard in Resources */,
				2597453D19FF2F500079028C /* LaunchScreen.xib in Resources */,
				2597453A19FF2F500079028C /* Images.xcassets in Resources */,
			);
			runOnlyForDeploymentPostprocessing = 0;
		};
		2597454019FF2F500079028C /* Resources */ = {
			isa = PBXResourcesBuildPhase;
			buildActionMask = 2147483647;
			files = (
			);
			runOnlyForDeploymentPostprocessing = 0;
		};
/* End PBXResourcesBuildPhase section */

/* Begin PBXSourcesBuildPhase section */
		2597452919FF2F500079028C /* Sources */ = {
			isa = PBXSourcesBuildPhase;
			buildActionMask = 2147483647;
			files = (
				2597453519FF2F500079028C /* ViewController.swift in Sources */,
				2597453319FF2F500079028C /* AppDelegate.swift in Sources */,
			);
			runOnlyForDeploymentPostprocessing = 0;
		};
		2597453E19FF2F500079028C /* Sources */ = {
			isa = PBXSourcesBuildPhase;
			buildActionMask = 2147483647;
			files = (
				2597454919FF2F500079028C /* SlotMachineTests.swift in Sources */,
			);
			runOnlyForDeploymentPostprocessing = 0;
		};
/* End PBXSourcesBuildPhase section */

/* Begin PBXTargetDependency section */
		2597454419FF2F500079028C /* PBXTargetDependency */ = {
			isa = PBXTargetDependency;
			target = 2597452C19FF2F500079028C /* SlotMachine */;
			targetProxy = 2597454319FF2F500079028C /* PBXContainerItemProxy */;
		};
/* End PBXTargetDependency section */

/* Begin PBXVariantGroup section */
		2597453619FF2F500079028C /* Main.storyboard */ = {
			isa = PBXVariantGroup;
			children = (
				2597453719FF2F500079028C /* Base */,
			);
			name = Main.storyboard;
			sourceTree = "<group>";
		};
		2597453B19FF2F500079028C /* LaunchScreen.xib */ = {
			isa = PBXVariantGroup;
			children = (
				2597453C19FF2F500079028C /* Base */,
			);
			name = LaunchScreen.xib;
			sourceTree = "<group>";
		};
/* End PBXVariantGroup section */

/* Begin XCBuildConfiguration section */
		2597454A19FF2F500079028C /* Debug */ = {
			isa = XCBuildConfiguration;
			buildSettings = {
				ALWAYS_SEARCH_USER_PATHS = NO;
				CLANG_CXX_LANGUAGE_STANDARD = "gnu++0x";
				CLANG_CXX_LIBRARY = "libc++";
				CLANG_ENABLE_MODULES = YES;
				CLANG_ENABLE_OBJC_ARC = YES;
				CLANG_WARN_BOOL_CONVERSION = YES;
				CLANG_WARN_CONSTANT_CONVERSION = YES;
				CLANG_WARN_DIRECT_OBJC_ISA_USAGE = YES_ERROR;
				CLANG_WARN_EMPTY_BODY = YES;
				CLANG_WARN_ENUM_CONVERSION = YES;
				CLANG_WARN_INT_CONVERSION = YES;
				CLANG_WARN_OBJC_ROOT_CLASS = YES_ERROR;
				CLANG_WARN_UNREACHABLE_CODE = YES;
				CLANG_WARN__DUPLICATE_METHOD_MATCH = YES;
				"CODE_SIGN_IDENTITY[sdk=iphoneos*]" = "iPhone Developer";
				COPY_PHASE_STRIP = NO;
				ENABLE_STRICT_OBJC_MSGSEND = YES;
				GCC_C_LANGUAGE_STANDARD = gnu99;
				GCC_DYNAMIC_NO_PIC = NO;
				GCC_OPTIMIZATION_LEVEL = 0;
				GCC_PREPROCESSOR_DEFINITIONS = (
					"DEBUG=1",
					"$(inherited)",
				);
				GCC_SYMBOLS_PRIVATE_EXTERN = NO;
				GCC_WARN_64_TO_32_BIT_CONVERSION = YES;
				GCC_WARN_ABOUT_RETURN_TYPE = YES_ERROR;
				GCC_WARN_UNDECLARED_SELECTOR = YES;
				GCC_WARN_UNINITIALIZED_AUTOS = YES_AGGRESSIVE;
				GCC_WARN_UNUSED_FUNCTION = YES;
				GCC_WARN_UNUSED_VARIABLE = YES;
				IPHONEOS_DEPLOYMENT_TARGET = 8.1;
				MTL_ENABLE_DEBUG_INFO = YES;
				ONLY_ACTIVE_ARCH = YES;
				SDKROOT = iphoneos;
				SWIFT_OPTIMIZATION_LEVEL = "-Onone";
				TARGETED_DEVICE_FAMILY = "1,2";
			};
			name = Debug;
		};
		2597454B19FF2F500079028C /* Release */ = {
			isa = XCBuildConfiguration;
			buildSettings = {
				ALWAYS_SEARCH_USER_PATHS = NO;
				CLANG_CXX_LANGUAGE_STANDARD = "gnu++0x";
				CLANG_CXX_LIBRARY = "libc++";
				CLANG_ENABLE_MODULES = YES;
				CLANG_ENABLE_OBJC_ARC = YES;
				CLANG_WARN_BOOL_CONVERSION = YES;
				CLANG_WARN_CONSTANT_CONVERSION = YES;
				CLANG_WARN_DIRECT_OBJC_ISA_USAGE = YES_ERROR;
				CLANG_WARN_EMPTY_BODY = YES;
				CLANG_WARN_ENUM_CONVERSION = YES;
				CLANG_WARN_INT_CONVERSION = YES;
				CLANG_WARN_OBJC_ROOT_CLASS = YES_ERROR;
				CLANG_WARN_UNREACHABLE_CODE = YES;
				CLANG_WARN__DUPLICATE_METHOD_MATCH = YES;
				"CODE_SIGN_IDENTITY[sdk=iphoneos*]" = "iPhone Developer";
				COPY_PHASE_STRIP = YES;
				ENABLE_NS_ASSERTIONS = NO;
				ENABLE_STRICT_OBJC_MSGSEND = YES;
				GCC_C_LANGUAGE_STANDARD = gnu99;
				GCC_WARN_64_TO_32_BIT_CONVERSION = YES;
				GCC_WARN_ABOUT_RETURN_TYPE = YES_ERROR;
				GCC_WARN_UNDECLARED_SELECTOR = YES;
				GCC_WARN_UNINITIALIZED_AUTOS = YES_AGGRESSIVE;
				GCC_WARN_UNUSED_FUNCTION = YES;
				GCC_WARN_UNUSED_VARIABLE = YES;
				IPHONEOS_DEPLOYMENT_TARGET = 8.1;
				MTL_ENABLE_DEBUG_INFO = NO;
				SDKROOT = iphoneos;
				TARGETED_DEVICE_FAMILY = "1,2";
				VALIDATE_PRODUCT = YES;
			};
			name = Release;
		};
		2597454D19FF2F500079028C /* Debug */ = {
			isa = XCBuildConfiguration;
			buildSettings = {
				ASSETCATALOG_COMPILER_APPICON_NAME = AppIcon;
				INFOPLIST_FILE = SlotMachine/Info.plist;
				LD_RUNPATH_SEARCH_PATHS = "$(inherited) @executable_path/Frameworks";
				PRODUCT_NAME = "$(TARGET_NAME)";
			};
			name = Debug;
		};
		2597454E19FF2F500079028C /* Release */ = {
			isa = XCBuildConfiguration;
			buildSettings = {
				ASSETCATALOG_COMPILER_APPICON_NAME = AppIcon;
				INFOPLIST_FILE = SlotMachine/Info.plist;
				LD_RUNPATH_SEARCH_PATHS = "$(inherited) @executable_path/Frameworks";
				PRODUCT_NAME = "$(TARGET_NAME)";
			};
			name = Release;
		};
		2597455019FF2F500079028C /* Debug */ = {
			isa = XCBuildConfiguration;
			buildSettings = {
				BUNDLE_LOADER = "$(TEST_HOST)";
				FRAMEWORK_SEARCH_PATHS = (
					"$(SDKROOT)/Developer/Library/Frameworks",
					"$(inherited)",
				);
				GCC_PREPROCESSOR_DEFINITIONS = (
					"DEBUG=1",
					"$(inherited)",
				);
				INFOPLIST_FILE = SlotMachineTests/Info.plist;
				LD_RUNPATH_SEARCH_PATHS = "$(inherited) @executable_path/Frameworks @loader_path/Frameworks";
				PRODUCT_NAME = "$(TARGET_NAME)";
				TEST_HOST = "$(BUILT_PRODUCTS_DIR)/SlotMachine.app/SlotMachine";
			};
			name = Debug;
		};
		2597455119FF2F500079028C /* Release */ = {
			isa = XCBuildConfiguration;
			buildSettings = {
				BUNDLE_LOADER = "$(TEST_HOST)";
				FRAMEWORK_SEARCH_PATHS = (
					"$(SDKROOT)/Developer/Library/Frameworks",
					"$(inherited)",
				);
				INFOPLIST_FILE = SlotMachineTests/Info.plist;
				LD_RUNPATH_SEARCH_PATHS = "$(inherited) @executable_path/Frameworks @loader_path/Frameworks";
				PRODUCT_NAME = "$(TARGET_NAME)";
				TEST_HOST = "$(BUILT_PRODUCTS_DIR)/SlotMachine.app/SlotMachine";
			};
			name = Release;
		};
/* End XCBuildConfiguration section */

/* Begin XCConfigurationList section */
		2597452819FF2F500079028C /* Build configuration list for PBXProject "SlotMachine" */ = {
			isa = XCConfigurationList;
			buildConfigurations = (
				2597454A19FF2F500079028C /* Debug */,
				2597454B19FF2F500079028C /* Release */,
			);
			defaultConfigurationIsVisible = 0;
			defaultConfigurationName = Release;
		};
		2597454C19FF2F500079028C /* Build configuration list for PBXNativeTarget "SlotMachine" */ = {
			isa = XCConfigurationList;
			buildConfigurations = (
				2597454D19FF2F500079028C /* Debug */,
				2597454E19FF2F500079028C /* Release */,
			);
			defaultConfigurationIsVisible = 0;
		};
		2597454F19FF2F500079028C /* Build configuration list for PBXNativeTarget "SlotMachineTests" */ = {
			isa = XCConfigurationList;
			buildConfigurations = (
				2597455019FF2F500079028C /* Debug */,
				2597455119FF2F500079028C /* Release */,
			);
			defaultConfigurationIsVisible = 0;
		};
/* End XCConfigurationList section */
	};
	rootObject = 2597452519FF2F500079028C /* Project object */;
}
